
Microsoft Visual Studio Solution File, Format Version 12.00
# Visual Studio Version 17
VisualStudioVersion = 17.2.32616.157
MinimumVisualStudioVersion = 10.0.40219.1
Project("{FAE04EC0-301F-11D3-BF4B-00C04F79EFBC}") = "SplatoonToFile", "SplatoonToFile\SplatoonToFile.csproj", "{3EC334A5-65C3-432B-970E-95EBCF609B7A}"
EndProject
Global
	GlobalSection(SolutionConfigurationPlatforms) = preSolution
		Debug|Any CPU = Debug|Any CPU
		Release|Any CPU = Release|Any CPU
	EndGlobalSection
	GlobalSection(ProjectConfigurationPlatforms) = postSolution
		{3EC334A5-65C3-432B-970E-95EBCF609B7A}.Debug|Any CPU.ActiveCfg = Debug|Any CPU
		{3EC334A5-65C3-432B-970E-95EBCF609B7A}.Debug|Any CPU.Build.0 = Debug|Any CPU
		{3EC334A5-65C3-432B-970E-95EBCF609B7A}.Release|Any CPU.ActiveCfg = Release|Any CPU
		{3EC334A5-65C3-432B-970E-95EBCF609B7A}.Release|Any CPU.Build.0 = Release|Any CPU
	EndGlobalSection
	GlobalSection(SolutionProperties) = preSolution
		HideSolutionNode = FALSE
	EndGlobalSection
	GlobalSection(ExtensibilityGlobals) = postSolution
		SolutionGuid = {B3602EE9-6543-4FC2-96A2-BC5EDFF85051}
	EndGlobalSection
EndGlobal
